
Microsoft Visual Studio Solution File, Format Version 12.00
# Visual Studio Version 17
VisualStudioVersion = 17.6.33829.357
MinimumVisualStudioVersion = 10.0.40219.1
Project("{FAE04EC0-301F-11D3-BF4B-00C04F79EFBC}") = "Kata", "Kata\Kata.csproj", "{BBD4ED54-9DAF-4761-B034-31F41EB3E49E}"
EndProject
Global
	GlobalSection(SolutionConfigurationPlatforms) = preSolution
		Debug|Any CPU = Debug|Any CPU
		Release|Any CPU = Release|Any CPU
	EndGlobalSection
	GlobalSection(ProjectConfigurationPlatforms) = postSolution
		{BBD4ED54-9DAF-4761-B034-31F41EB3E49E}.Debug|Any CPU.ActiveCfg = Debug|Any CPU
		{BBD4ED54-9DAF-4761-B034-31F41EB3E49E}.Debug|Any CPU.Build.0 = Debug|Any CPU
		{BBD4ED54-9DAF-4761-B034-31F41EB3E49E}.Release|Any CPU.ActiveCfg = Release|Any CPU
		{BBD4ED54-9DAF-4761-B034-31F41EB3E49E}.Release|Any CPU.Build.0 = Release|Any CPU
	EndGlobalSection
	GlobalSection(SolutionProperties) = preSolution
		HideSolutionNode = FALSE
	EndGlobalSection
	GlobalSection(ExtensibilityGlobals) = postSolution
		SolutionGuid = {EBFCB6ED-63A2-4442-A498-E9EB5B57E4C6}
	EndGlobalSection
EndGlobal
